# This file is automatically @generated by Cargo.
# It is not intended for manual editing.
version = 3

[[package]]
name = "cargo"
version = "0.1.0"
dependencies = [
 "random",
]

[[package]]
name = "random"
version = "0.13.2"
source = "registry+https://github.com/rust-lang/crates.io-index"
checksum = "474c42c904f04dfe2a595a02f71e1a0e5e92ffb5761cc9a4c02140b93b8dd504"
