lockfileVersion: 5.4

specifiers:
  random: ^4.1.0

dependencies:
  random: 4.1.0

packages:

  /random/4.1.0:
    resolution: {integrity: sha512-6Ajb7XmMSE9EFAMGC3kg9mvE7fGlBip25mYYuSMzw/uUSrmGilvZo2qwX3RnTRjwXkwkS+4swse9otZ92VjAtQ==}
    engines: {node: '>=14'}
    dependencies:
      seedrandom: 3.0.5
    dev: false

  /seedrandom/3.0.5:
    resolution: {integrity: sha512-8OwmbklUNzwezjGInmZ+2clQmExQPvomqjL7LFqOYqtmuxRgQYqOD3mHaU+MvZn5FLUeVxVfQjwLZW/n/JFuqg==}
    dev: false
